// !$*UTF8*$!
{
	archiveVersion = 1;
	classes = {
	};
	objectVersion = 56;
	objects = {

/* Begin PBXBuildFile section */
		C8170A602A386A53004D082C /* LoginView.swift in Sources */ = {isa = PBXBuildFile; fileRef = C8170A5F2A386A53004D082C /* LoginView.swift */; };
		C8170A632A386C76004D082C /* LoginButtonWidget.swift in Sources */ = {isa = PBXBuildFile; fileRef = C8170A622A386C76004D082C /* LoginButtonWidget.swift */; };
		C8170A662A386D54004D082C /* Login Types.swift in Sources */ = {isa = PBXBuildFile; fileRef = C8170A652A386D54004D082C /* Login Types.swift */; };
		C8170A692A387D2E004D082C /* Screen Size.swift in Sources */ = {isa = PBXBuildFile; fileRef = C8170A682A387D2E004D082C /* Screen Size.swift */; };
		C8170A6B2A387F55004D082C /* Create Account Sheet.swift in Sources */ = {isa = PBXBuildFile; fileRef = C8170A6A2A387F55004D082C /* Create Account Sheet.swift */; };
		C8170A6E2A38824F004D082C /* Sheet Button.swift in Sources */ = {isa = PBXBuildFile; fileRef = C8170A6D2A38824F004D082C /* Sheet Button.swift */; };
		C8170A702A388BE0004D082C /* TextInputStyle.swift in Sources */ = {isa = PBXBuildFile; fileRef = C8170A6F2A388BE0004D082C /* TextInputStyle.swift */; };
		C8335AA42A3C7B60000BDCFA /* SideMenu.swift in Sources */ = {isa = PBXBuildFile; fileRef = C8335AA32A3C7B60000BDCFA /* SideMenu.swift */; };
		C8335AA72A3C7BCF000BDCFA /* SideMenuRowType.swift in Sources */ = {isa = PBXBuildFile; fileRef = C8335AA62A3C7BCF000BDCFA /* SideMenuRowType.swift */; };
		C8335AA92A3C7C9E000BDCFA /* SideMenuView.swift in Sources */ = {isa = PBXBuildFile; fileRef = C8335AA82A3C7C9E000BDCFA /* SideMenuView.swift */; };
		C8335AAB2A3C7DED000BDCFA /* MainPageView.swift in Sources */ = {isa = PBXBuildFile; fileRef = C8335AAA2A3C7DED000BDCFA /* MainPageView.swift */; };
		C847B4F32A39B35E00460996 /* MailAndPasswordLoginForm.swift in Sources */ = {isa = PBXBuildFile; fileRef = C847B4F22A39B35E00460996 /* MailAndPasswordLoginForm.swift */; };
		C847B4F62A39B3E600460996 /* EmailValidator.swift in Sources */ = {isa = PBXBuildFile; fileRef = C847B4F52A39B3E600460996 /* EmailValidator.swift */; };
		C847B4F92A39B63300460996 /* AppUser.swift in Sources */ = {isa = PBXBuildFile; fileRef = C847B4F82A39B63300460996 /* AppUser.swift */; };
		C847B4FC2A39B96900460996 /* GoogleSignIn in Frameworks */ = {isa = PBXBuildFile; productRef = C847B4FB2A39B96900460996 /* GoogleSignIn */; };
		C847B4FE2A39B96900460996 /* GoogleSignInSwift in Frameworks */ = {isa = PBXBuildFile; productRef = C847B4FD2A39B96900460996 /* GoogleSignInSwift */; };
		C847B5022A39BB7C00460996 /* AuthenticationViewModel.swift in Sources */ = {isa = PBXBuildFile; fileRef = C847B5012A39BB7C00460996 /* AuthenticationViewModel.swift */; };
		C847B5082A39C44100460996 /* ContactListView.swift in Sources */ = {isa = PBXBuildFile; fileRef = C847B5072A39C44100460996 /* ContactListView.swift */; };
		C84842822A40516200DF143D /* ContactCard.swift in Sources */ = {isa = PBXBuildFile; fileRef = C84842812A40516200DF143D /* ContactCard.swift */; };
		C84842842A40519900DF143D /* Contact.swift in Sources */ = {isa = PBXBuildFile; fileRef = C84842832A40519900DF143D /* Contact.swift */; };
		C84842862A40526D00DF143D /* ContactStatus.swift in Sources */ = {isa = PBXBuildFile; fileRef = C84842852A40526D00DF143D /* ContactStatus.swift */; };
		C84842882A40548800DF143D /* StandardContactStatus.swift in Sources */ = {isa = PBXBuildFile; fileRef = C84842872A40548800DF143D /* StandardContactStatus.swift */; };
		C848428A2A40581300DF143D /* ContactStatusBadge.swift in Sources */ = {isa = PBXBuildFile; fileRef = C84842892A40581300DF143D /* ContactStatusBadge.swift */; };
		C848428C2A405A9100DF143D /* HexConverter.swift in Sources */ = {isa = PBXBuildFile; fileRef = C848428B2A405A9100DF143D /* HexConverter.swift */; };
		C87097492A371FCE00710495 /* YourManagerApp.swift in Sources */ = {isa = PBXBuildFile; fileRef = C87097482A371FCE00710495 /* YourManagerApp.swift */; };
		C870974D2A371FCF00710495 /* Assets.xcassets in Resources */ = {isa = PBXBuildFile; fileRef = C870974C2A371FCF00710495 /* Assets.xcassets */; };
		C87097502A371FCF00710495 /* Preview Assets.xcassets in Resources */ = {isa = PBXBuildFile; fileRef = C870974F2A371FCF00710495 /* Preview Assets.xcassets */; };
		C870975A2A371FCF00710495 /* YourManagerTests.swift in Sources */ = {isa = PBXBuildFile; fileRef = C87097592A371FCF00710495 /* YourManagerTests.swift */; };
		C87097642A371FCF00710495 /* YourManagerUITests.swift in Sources */ = {isa = PBXBuildFile; fileRef = C87097632A371FCF00710495 /* YourManagerUITests.swift */; };
		C87097662A371FCF00710495 /* YourManagerUITestsLaunchTests.swift in Sources */ = {isa = PBXBuildFile; fileRef = C87097652A371FCF00710495 /* YourManagerUITestsLaunchTests.swift */; };
		C87097732A37204700710495 /* GoogleService-Info.plist in Resources */ = {isa = PBXBuildFile; fileRef = C87097722A37204700710495 /* GoogleService-Info.plist */; };
		C87097762A37214600710495 /* FirebaseAnalytics in Frameworks */ = {isa = PBXBuildFile; productRef = C87097752A37214600710495 /* FirebaseAnalytics */; };
		C87097782A37214600710495 /* FirebaseAuth in Frameworks */ = {isa = PBXBuildFile; productRef = C87097772A37214600710495 /* FirebaseAuth */; };
		C870977A2A37214600710495 /* FirebaseFirestore in Frameworks */ = {isa = PBXBuildFile; productRef = C87097792A37214600710495 /* FirebaseFirestore */; };
		C87B29522A4B13960099C5BE /* CreateContactView.swift in Sources */ = {isa = PBXBuildFile; fileRef = C87B29512A4B13960099C5BE /* CreateContactView.swift */; };
		C87B29572A4B21960099C5BE /* FloatingLabelTextFieldSwiftUI in Frameworks */ = {isa = PBXBuildFile; productRef = C87B29562A4B21960099C5BE /* FloatingLabelTextFieldSwiftUI */; };
		C87B295A2A4B29F40099C5BE /* AddContactViewModel.swift in Sources */ = {isa = PBXBuildFile; fileRef = C87B29592A4B29F40099C5BE /* AddContactViewModel.swift */; };
		C8CB1AEF2A499DA5001B2340 /* HashableClass.swift in Sources */ = {isa = PBXBuildFile; fileRef = C8CB1AEE2A499DA5001B2340 /* HashableClass.swift */; };
/* End PBXBuildFile section */

/* Begin PBXContainerItemProxy section */
		C87097562A371FCF00710495 /* PBXContainerItemProxy */ = {
			isa = PBXContainerItemProxy;
			containerPortal = C870973D2A371FCE00710495 /* Project object */;
			proxyType = 1;
			remoteGlobalIDString = C87097442A371FCE00710495;
			remoteInfo = YourManager;
		};
		C87097602A371FCF00710495 /* PBXContainerItemProxy */ = {
			isa = PBXContainerItemProxy;
			containerPortal = C870973D2A371FCE00710495 /* Project object */;
			proxyType = 1;
			remoteGlobalIDString = C87097442A371FCE00710495;
			remoteInfo = YourManager;
		};
/* End PBXContainerItemProxy section */

/* Begin PBXFileReference section */
		C8170A5F2A386A53004D082C /* LoginView.swift */ = {isa = PBXFileReference; lastKnownFileType = sourcecode.swift; path = LoginView.swift; sourceTree = "<group>"; };
		C8170A622A386C76004D082C /* LoginButtonWidget.swift */ = {isa = PBXFileReference; lastKnownFileType = sourcecode.swift; path = LoginButtonWidget.swift; sourceTree = "<group>"; };
		C8170A652A386D54004D082C /* Login Types.swift */ = {isa = PBXFileReference; lastKnownFileType = sourcecode.swift; path = "Login Types.swift"; sourceTree = "<group>"; };
		C8170A682A387D2E004D082C /* Screen Size.swift */ = {isa = PBXFileReference; lastKnownFileType = sourcecode.swift; path = "Screen Size.swift"; sourceTree = "<group>"; };
		C8170A6A2A387F55004D082C /* Create Account Sheet.swift */ = {isa = PBXFileReference; lastKnownFileType = sourcecode.swift; path = "Create Account Sheet.swift"; sourceTree = "<group>"; };
		C8170A6D2A38824F004D082C /* Sheet Button.swift */ = {isa = PBXFileReference; lastKnownFileType = sourcecode.swift; path = "Sheet Button.swift"; sourceTree = "<group>"; };
		C8170A6F2A388BE0004D082C /* TextInputStyle.swift */ = {isa = PBXFileReference; lastKnownFileType = sourcecode.swift; path = TextInputStyle.swift; sourceTree = "<group>"; };
		C8335AA32A3C7B60000BDCFA /* SideMenu.swift */ = {isa = PBXFileReference; lastKnownFileType = sourcecode.swift; path = SideMenu.swift; sourceTree = "<group>"; };
		C8335AA62A3C7BCF000BDCFA /* SideMenuRowType.swift */ = {isa = PBXFileReference; lastKnownFileType = sourcecode.swift; path = SideMenuRowType.swift; sourceTree = "<group>"; };
		C8335AA82A3C7C9E000BDCFA /* SideMenuView.swift */ = {isa = PBXFileReference; lastKnownFileType = sourcecode.swift; path = SideMenuView.swift; sourceTree = "<group>"; };
		C8335AAA2A3C7DED000BDCFA /* MainPageView.swift */ = {isa = PBXFileReference; lastKnownFileType = sourcecode.swift; path = MainPageView.swift; sourceTree = "<group>"; };
		C847B4F22A39B35E00460996 /* MailAndPasswordLoginForm.swift */ = {isa = PBXFileReference; lastKnownFileType = sourcecode.swift; path = MailAndPasswordLoginForm.swift; sourceTree = "<group>"; };
		C847B4F52A39B3E600460996 /* EmailValidator.swift */ = {isa = PBXFileReference; lastKnownFileType = sourcecode.swift; path = EmailValidator.swift; sourceTree = "<group>"; };
		C847B4F82A39B63300460996 /* AppUser.swift */ = {isa = PBXFileReference; lastKnownFileType = sourcecode.swift; path = AppUser.swift; sourceTree = "<group>"; };
		C847B4FF2A39B99300460996 /* Info.plist */ = {isa = PBXFileReference; lastKnownFileType = text.plist; path = Info.plist; sourceTree = "<group>"; };
		C847B5012A39BB7C00460996 /* AuthenticationViewModel.swift */ = {isa = PBXFileReference; lastKnownFileType = sourcecode.swift; path = AuthenticationViewModel.swift; sourceTree = "<group>"; };
		C847B5072A39C44100460996 /* ContactListView.swift */ = {isa = PBXFileReference; lastKnownFileType = sourcecode.swift; path = ContactListView.swift; sourceTree = "<group>"; };
		C84842812A40516200DF143D /* ContactCard.swift */ = {isa = PBXFileReference; lastKnownFileType = sourcecode.swift; path = ContactCard.swift; sourceTree = "<group>"; };
		C84842832A40519900DF143D /* Contact.swift */ = {isa = PBXFileReference; lastKnownFileType = sourcecode.swift; path = Contact.swift; sourceTree = "<group>"; };
		C84842852A40526D00DF143D /* ContactStatus.swift */ = {isa = PBXFileReference; lastKnownFileType = sourcecode.swift; path = ContactStatus.swift; sourceTree = "<group>"; };
		C84842872A40548800DF143D /* StandardContactStatus.swift */ = {isa = PBXFileReference; lastKnownFileType = sourcecode.swift; path = StandardContactStatus.swift; sourceTree = "<group>"; };
		C84842892A40581300DF143D /* ContactStatusBadge.swift */ = {isa = PBXFileReference; lastKnownFileType = sourcecode.swift; path = ContactStatusBadge.swift; sourceTree = "<group>"; };
		C848428B2A405A9100DF143D /* HexConverter.swift */ = {isa = PBXFileReference; lastKnownFileType = sourcecode.swift; path = HexConverter.swift; sourceTree = "<group>"; };
		C87097452A371FCE00710495 /* YourManager.app */ = {isa = PBXFileReference; explicitFileType = wrapper.application; includeInIndex = 0; path = YourManager.app; sourceTree = BUILT_PRODUCTS_DIR; };
		C87097482A371FCE00710495 /* YourManagerApp.swift */ = {isa = PBXFileReference; lastKnownFileType = sourcecode.swift; path = YourManagerApp.swift; sourceTree = "<group>"; };
		C870974C2A371FCF00710495 /* Assets.xcassets */ = {isa = PBXFileReference; lastKnownFileType = folder.assetcatalog; path = Assets.xcassets; sourceTree = "<group>"; };
		C870974F2A371FCF00710495 /* Preview Assets.xcassets */ = {isa = PBXFileReference; lastKnownFileType = folder.assetcatalog; path = "Preview Assets.xcassets"; sourceTree = "<group>"; };
		C87097552A371FCF00710495 /* YourManagerTests.xctest */ = {isa = PBXFileReference; explicitFileType = wrapper.cfbundle; includeInIndex = 0; path = YourManagerTests.xctest; sourceTree = BUILT_PRODUCTS_DIR; };
		C87097592A371FCF00710495 /* YourManagerTests.swift */ = {isa = PBXFileReference; lastKnownFileType = sourcecode.swift; path = YourManagerTests.swift; sourceTree = "<group>"; };
		C870975F2A371FCF00710495 /* YourManagerUITests.xctest */ = {isa = PBXFileReference; explicitFileType = wrapper.cfbundle; includeInIndex = 0; path = YourManagerUITests.xctest; sourceTree = BUILT_PRODUCTS_DIR; };
		C87097632A371FCF00710495 /* YourManagerUITests.swift */ = {isa = PBXFileReference; lastKnownFileType = sourcecode.swift; path = YourManagerUITests.swift; sourceTree = "<group>"; };
		C87097652A371FCF00710495 /* YourManagerUITestsLaunchTests.swift */ = {isa = PBXFileReference; lastKnownFileType = sourcecode.swift; path = YourManagerUITestsLaunchTests.swift; sourceTree = "<group>"; };
		C87097722A37204700710495 /* GoogleService-Info.plist */ = {isa = PBXFileReference; fileEncoding = 4; lastKnownFileType = text.plist.xml; path = "GoogleService-Info.plist"; sourceTree = "<group>"; };
		C87B29512A4B13960099C5BE /* CreateContactView.swift */ = {isa = PBXFileReference; lastKnownFileType = sourcecode.swift; path = CreateContactView.swift; sourceTree = "<group>"; };
		C87B29592A4B29F40099C5BE /* AddContactViewModel.swift */ = {isa = PBXFileReference; lastKnownFileType = sourcecode.swift; path = AddContactViewModel.swift; sourceTree = "<group>"; };
		C8CB1AEE2A499DA5001B2340 /* HashableClass.swift */ = {isa = PBXFileReference; lastKnownFileType = sourcecode.swift; path = HashableClass.swift; sourceTree = "<group>"; };
/* End PBXFileReference section */

/* Begin PBXFrameworksBuildPhase section */
		C87097422A371FCE00710495 /* Frameworks */ = {
			isa = PBXFrameworksBuildPhase;
			buildActionMask = 2147483647;
			files = (
				C847B4FE2A39B96900460996 /* GoogleSignInSwift in Frameworks */,
				C87B29572A4B21960099C5BE /* FloatingLabelTextFieldSwiftUI in Frameworks */,
				C87097762A37214600710495 /* FirebaseAnalytics in Frameworks */,
				C847B4FC2A39B96900460996 /* GoogleSignIn in Frameworks */,
				C87097782A37214600710495 /* FirebaseAuth in Frameworks */,
				C870977A2A37214600710495 /* FirebaseFirestore in Frameworks */,
			);
			runOnlyForDeploymentPostprocessing = 0;
		};
		C87097522A371FCF00710495 /* Frameworks */ = {
			isa = PBXFrameworksBuildPhase;
			buildActionMask = 2147483647;
			files = (
			);
			runOnlyForDeploymentPostprocessing = 0;
		};
		C870975C2A371FCF00710495 /* Frameworks */ = {
			isa = PBXFrameworksBuildPhase;
			buildActionMask = 2147483647;
			files = (
			);
			runOnlyForDeploymentPostprocessing = 0;
		};
/* End PBXFrameworksBuildPhase section */

/* Begin PBXGroup section */
		C8170A5D2A386A36004D082C /* Features */ = {
			isa = PBXGroup;
			children = (
				C87B294F2A4B13680099C5BE /* Create Contact */,
				C84842802A40514200DF143D /* Contact Card */,
				C847B5052A39C42600460996 /* HomePage */,
				C8170A672A387682004D082C /* Login */,
			);
			path = Features;
			sourceTree = "<group>";
		};
		C8170A5E2A386A43004D082C /* VIews */ = {
			isa = PBXGroup;
			children = (
				C8170A5F2A386A53004D082C /* LoginView.swift */,
				C8170A6A2A387F55004D082C /* Create Account Sheet.swift */,
				C847B4F22A39B35E00460996 /* MailAndPasswordLoginForm.swift */,
			);
			path = VIews;
			sourceTree = "<group>";
		};
		C8170A612A386C5F004D082C /* Widgets */ = {
			isa = PBXGroup;
			children = (
				C8170A622A386C76004D082C /* LoginButtonWidget.swift */,
			);
			path = Widgets;
			sourceTree = "<group>";
		};
		C8170A642A386D42004D082C /* Resources */ = {
			isa = PBXGroup;
			children = (
				C8335AA52A3C7BB7000BDCFA /* Enums */,
				C847B4F42A39B3D000460996 /* Extensions */,
				C84842872A40548800DF143D /* StandardContactStatus.swift */,
				C8CB1AEE2A499DA5001B2340 /* HashableClass.swift */,
			);
			path = Resources;
			sourceTree = "<group>";
		};
		C8170A672A387682004D082C /* Login */ = {
			isa = PBXGroup;
			children = (
				C847B5002A39BB6700460996 /* ViewModels */,
				C8170A5E2A386A43004D082C /* VIews */,
				C8170A612A386C5F004D082C /* Widgets */,
			);
			path = Login;
			sourceTree = "<group>";
		};
		C8170A6C2A388235004D082C /* UX */ = {
			isa = PBXGroup;
			children = (
				C8170A6D2A38824F004D082C /* Sheet Button.swift */,
				C8170A6F2A388BE0004D082C /* TextInputStyle.swift */,
			);
			path = UX;
			sourceTree = "<group>";
		};
		C8335AA52A3C7BB7000BDCFA /* Enums */ = {
			isa = PBXGroup;
			children = (
				C8170A652A386D54004D082C /* Login Types.swift */,
				C8335AA62A3C7BCF000BDCFA /* SideMenuRowType.swift */,
			);
			path = Enums;
			sourceTree = "<group>";
		};
		C847B4F42A39B3D000460996 /* Extensions */ = {
			isa = PBXGroup;
			children = (
				C8170A682A387D2E004D082C /* Screen Size.swift */,
				C847B4F52A39B3E600460996 /* EmailValidator.swift */,
				C848428B2A405A9100DF143D /* HexConverter.swift */,
			);
			path = Extensions;
			sourceTree = "<group>";
		};
		C847B4F72A39B62700460996 /* Models */ = {
			isa = PBXGroup;
			children = (
				C847B4F82A39B63300460996 /* AppUser.swift */,
				C84842832A40519900DF143D /* Contact.swift */,
				C84842852A40526D00DF143D /* ContactStatus.swift */,
			);
			path = Models;
			sourceTree = "<group>";
		};
		C847B5002A39BB6700460996 /* ViewModels */ = {
			isa = PBXGroup;
			children = (
				C847B5012A39BB7C00460996 /* AuthenticationViewModel.swift */,
			);
			path = ViewModels;
			sourceTree = "<group>";
		};
		C847B5052A39C42600460996 /* HomePage */ = {
			isa = PBXGroup;
			children = (
				C847B5062A39C43100460996 /* Views */,
			);
			path = HomePage;
			sourceTree = "<group>";
		};
		C847B5062A39C43100460996 /* Views */ = {
			isa = PBXGroup;
			children = (
				C847B5072A39C44100460996 /* ContactListView.swift */,
				C8335AA32A3C7B60000BDCFA /* SideMenu.swift */,
				C8335AA82A3C7C9E000BDCFA /* SideMenuView.swift */,
				C8335AAA2A3C7DED000BDCFA /* MainPageView.swift */,
			);
			path = Views;
			sourceTree = "<group>";
		};
		C84842802A40514200DF143D /* Contact Card */ = {
			isa = PBXGroup;
			children = (
				C84842812A40516200DF143D /* ContactCard.swift */,
				C84842892A40581300DF143D /* ContactStatusBadge.swift */,
			);
			path = "Contact Card";
			sourceTree = "<group>";
		};
		C870973C2A371FCE00710495 = {
			isa = PBXGroup;
			children = (
				C87097472A371FCE00710495 /* YourManager */,
				C87097582A371FCF00710495 /* YourManagerTests */,
				C87097622A371FCF00710495 /* YourManagerUITests */,
				C87097462A371FCE00710495 /* Products */,
			);
			sourceTree = "<group>";
		};
		C87097462A371FCE00710495 /* Products */ = {
			isa = PBXGroup;
			children = (
				C87097452A371FCE00710495 /* YourManager.app */,
				C87097552A371FCF00710495 /* YourManagerTests.xctest */,
				C870975F2A371FCF00710495 /* YourManagerUITests.xctest */,
			);
			name = Products;
			sourceTree = "<group>";
		};
		C87097472A371FCE00710495 /* YourManager */ = {
			isa = PBXGroup;
			children = (
				C847B4FF2A39B99300460996 /* Info.plist */,
				C847B4F72A39B62700460996 /* Models */,
				C8170A6C2A388235004D082C /* UX */,
				C8170A642A386D42004D082C /* Resources */,
				C8170A5D2A386A36004D082C /* Features */,
				C87097722A37204700710495 /* GoogleService-Info.plist */,
				C87097482A371FCE00710495 /* YourManagerApp.swift */,
				C870974C2A371FCF00710495 /* Assets.xcassets */,
				C870974E2A371FCF00710495 /* Preview Content */,
			);
			path = YourManager;
			sourceTree = "<group>";
		};
		C870974E2A371FCF00710495 /* Preview Content */ = {
			isa = PBXGroup;
			children = (
				C870974F2A371FCF00710495 /* Preview Assets.xcassets */,
			);
			path = "Preview Content";
			sourceTree = "<group>";
		};
		C87097582A371FCF00710495 /* YourManagerTests */ = {
			isa = PBXGroup;
			children = (
				C87097592A371FCF00710495 /* YourManagerTests.swift */,
			);
			path = YourManagerTests;
			sourceTree = "<group>";
		};
		C87097622A371FCF00710495 /* YourManagerUITests */ = {
			isa = PBXGroup;
			children = (
				C87097632A371FCF00710495 /* YourManagerUITests.swift */,
				C87097652A371FCF00710495 /* YourManagerUITestsLaunchTests.swift */,
			);
			path = YourManagerUITests;
			sourceTree = "<group>";
		};
		C87B294F2A4B13680099C5BE /* Create Contact */ = {
			isa = PBXGroup;
			children = (
				C87B29582A4B29DB0099C5BE /* ViewModels */,
				C87B29502A4B13770099C5BE /* Views */,
			);
			path = "Create Contact";
			sourceTree = "<group>";
		};
		C87B29502A4B13770099C5BE /* Views */ = {
			isa = PBXGroup;
			children = (
				C87B29512A4B13960099C5BE /* CreateContactView.swift */,
			);
			path = Views;
			sourceTree = "<group>";
		};
		C87B29582A4B29DB0099C5BE /* ViewModels */ = {
			isa = PBXGroup;
			children = (
				C87B29592A4B29F40099C5BE /* AddContactViewModel.swift */,
			);
			path = ViewModels;
			sourceTree = "<group>";
		};
/* End PBXGroup section */

/* Begin PBXNativeTarget section */
		C87097442A371FCE00710495 /* YourManager */ = {
			isa = PBXNativeTarget;
			buildConfigurationList = C87097692A371FCF00710495 /* Build configuration list for PBXNativeTarget "YourManager" */;
			buildPhases = (
				C87097412A371FCE00710495 /* Sources */,
				C87097422A371FCE00710495 /* Frameworks */,
				C87097432A371FCE00710495 /* Resources */,
			);
			buildRules = (
			);
			dependencies = (
			);
			name = YourManager;
			packageProductDependencies = (
				C87097752A37214600710495 /* FirebaseAnalytics */,
				C87097772A37214600710495 /* FirebaseAuth */,
				C87097792A37214600710495 /* FirebaseFirestore */,
				C847B4FB2A39B96900460996 /* GoogleSignIn */,
				C847B4FD2A39B96900460996 /* GoogleSignInSwift */,
				C87B29562A4B21960099C5BE /* FloatingLabelTextFieldSwiftUI */,
			);
			productName = YourManager;
			productReference = C87097452A371FCE00710495 /* YourManager.app */;
			productType = "com.apple.product-type.application";
		};
		C87097542A371FCF00710495 /* YourManagerTests */ = {
			isa = PBXNativeTarget;
			buildConfigurationList = C870976C2A371FCF00710495 /* Build configuration list for PBXNativeTarget "YourManagerTests" */;
			buildPhases = (
				C87097512A371FCF00710495 /* Sources */,
				C87097522A371FCF00710495 /* Frameworks */,
				C87097532A371FCF00710495 /* Resources */,
			);
			buildRules = (
			);
			dependencies = (
				C87097572A371FCF00710495 /* PBXTargetDependency */,
			);
			name = YourManagerTests;
			productName = YourManagerTests;
			productReference = C87097552A371FCF00710495 /* YourManagerTests.xctest */;
			productType = "com.apple.product-type.bundle.unit-test";
		};
		C870975E2A371FCF00710495 /* YourManagerUITests */ = {
			isa = PBXNativeTarget;
			buildConfigurationList = C870976F2A371FCF00710495 /* Build configuration list for PBXNativeTarget "YourManagerUITests" */;
			buildPhases = (
				C870975B2A371FCF00710495 /* Sources */,
				C870975C2A371FCF00710495 /* Frameworks */,
				C870975D2A371FCF00710495 /* Resources */,
			);
			buildRules = (
			);
			dependencies = (
				C87097612A371FCF00710495 /* PBXTargetDependency */,
			);
			name = YourManagerUITests;
			productName = YourManagerUITests;
			productReference = C870975F2A371FCF00710495 /* YourManagerUITests.xctest */;
			productType = "com.apple.product-type.bundle.ui-testing";
		};
/* End PBXNativeTarget section */

/* Begin PBXProject section */
		C870973D2A371FCE00710495 /* Project object */ = {
			isa = PBXProject;
			attributes = {
				BuildIndependentTargetsInParallel = 1;
				LastSwiftUpdateCheck = 1430;
				LastUpgradeCheck = 1430;
				TargetAttributes = {
					C87097442A371FCE00710495 = {
						CreatedOnToolsVersion = 14.3.1;
					};
					C87097542A371FCF00710495 = {
						CreatedOnToolsVersion = 14.3.1;
						TestTargetID = C87097442A371FCE00710495;
					};
					C870975E2A371FCF00710495 = {
						CreatedOnToolsVersion = 14.3.1;
						TestTargetID = C87097442A371FCE00710495;
					};
				};
			};
			buildConfigurationList = C87097402A371FCE00710495 /* Build configuration list for PBXProject "YourManager" */;
			compatibilityVersion = "Xcode 14.0";
			developmentRegion = en;
			hasScannedForEncodings = 0;
			knownRegions = (
				en,
				Base,
			);
			mainGroup = C870973C2A371FCE00710495;
			packageReferences = (
				C87097742A37214600710495 /* XCRemoteSwiftPackageReference "firebase-ios-sdk" */,
				C847B4FA2A39B96900460996 /* XCRemoteSwiftPackageReference "GoogleSignIn-iOS" */,
				C87B29552A4B21960099C5BE /* XCRemoteSwiftPackageReference "FloatingLabelTextFieldSwiftUI" */,
			);
			productRefGroup = C87097462A371FCE00710495 /* Products */;
			projectDirPath = "";
			projectRoot = "";
			targets = (
				C87097442A371FCE00710495 /* YourManager */,
				C87097542A371FCF00710495 /* YourManagerTests */,
				C870975E2A371FCF00710495 /* YourManagerUITests */,
			);
		};
/* End PBXProject section */

/* Begin PBXResourcesBuildPhase section */
		C87097432A371FCE00710495 /* Resources */ = {
			isa = PBXResourcesBuildPhase;
			buildActionMask = 2147483647;
			files = (
				C87097502A371FCF00710495 /* Preview Assets.xcassets in Resources */,
				C870974D2A371FCF00710495 /* Assets.xcassets in Resources */,
				C87097732A37204700710495 /* GoogleService-Info.plist in Resources */,
			);
			runOnlyForDeploymentPostprocessing = 0;
		};
		C87097532A371FCF00710495 /* Resources */ = {
			isa = PBXResourcesBuildPhase;
			buildActionMask = 2147483647;
			files = (
			);
			runOnlyForDeploymentPostprocessing = 0;
		};
		C870975D2A371FCF00710495 /* Resources */ = {
			isa = PBXResourcesBuildPhase;
			buildActionMask = 2147483647;
			files = (
			);
			runOnlyForDeploymentPostprocessing = 0;
		};
/* End PBXResourcesBuildPhase section */

/* Begin PBXSourcesBuildPhase section */
		C87097412A371FCE00710495 /* Sources */ = {
			isa = PBXSourcesBuildPhase;
			buildActionMask = 2147483647;
			files = (
				C84842882A40548800DF143D /* StandardContactStatus.swift in Sources */,
				C8335AA72A3C7BCF000BDCFA /* SideMenuRowType.swift in Sources */,
				C84842842A40519900DF143D /* Contact.swift in Sources */,
				C847B5022A39BB7C00460996 /* AuthenticationViewModel.swift in Sources */,
				C8CB1AEF2A499DA5001B2340 /* HashableClass.swift in Sources */,
				C8335AA92A3C7C9E000BDCFA /* SideMenuView.swift in Sources */,
				C847B5082A39C44100460996 /* ContactListView.swift in Sources */,
				C8170A602A386A53004D082C /* LoginView.swift in Sources */,
				C8170A6B2A387F55004D082C /* Create Account Sheet.swift in Sources */,
				C8170A6E2A38824F004D082C /* Sheet Button.swift in Sources */,
				C848428C2A405A9100DF143D /* HexConverter.swift in Sources */,
				C8170A692A387D2E004D082C /* Screen Size.swift in Sources */,
				C84842822A40516200DF143D /* ContactCard.swift in Sources */,
				C87B295A2A4B29F40099C5BE /* AddContactViewModel.swift in Sources */,
				C87B29522A4B13960099C5BE /* CreateContactView.swift in Sources */,
				C84842862A40526D00DF143D /* ContactStatus.swift in Sources */,
				C8170A702A388BE0004D082C /* TextInputStyle.swift in Sources */,
				C8170A662A386D54004D082C /* Login Types.swift in Sources */,
				C8335AA42A3C7B60000BDCFA /* SideMenu.swift in Sources */,
				C87097492A371FCE00710495 /* YourManagerApp.swift in Sources */,
				C8335AAB2A3C7DED000BDCFA /* MainPageView.swift in Sources */,
				C847B4F92A39B63300460996 /* AppUser.swift in Sources */,
				C848428A2A40581300DF143D /* ContactStatusBadge.swift in Sources */,
				C8170A632A386C76004D082C /* LoginButtonWidget.swift in Sources */,
				C847B4F62A39B3E600460996 /* EmailValidator.swift in Sources */,
				C847B4F32A39B35E00460996 /* MailAndPasswordLoginForm.swift in Sources */,
			);
			runOnlyForDeploymentPostprocessing = 0;
		};
		C87097512A371FCF00710495 /* Sources */ = {
			isa = PBXSourcesBuildPhase;
			buildActionMask = 2147483647;
			files = (
				C870975A2A371FCF00710495 /* YourManagerTests.swift in Sources */,
			);
			runOnlyForDeploymentPostprocessing = 0;
		};
		C870975B2A371FCF00710495 /* Sources */ = {
			isa = PBXSourcesBuildPhase;
			buildActionMask = 2147483647;
			files = (
				C87097642A371FCF00710495 /* YourManagerUITests.swift in Sources */,
				C87097662A371FCF00710495 /* YourManagerUITestsLaunchTests.swift in Sources */,
			);
			runOnlyForDeploymentPostprocessing = 0;
		};
/* End PBXSourcesBuildPhase section */

/* Begin PBXTargetDependency section */
		C87097572A371FCF00710495 /* PBXTargetDependency */ = {
			isa = PBXTargetDependency;
			target = C87097442A371FCE00710495 /* YourManager */;
			targetProxy = C87097562A371FCF00710495 /* PBXContainerItemProxy */;
		};
		C87097612A371FCF00710495 /* PBXTargetDependency */ = {
			isa = PBXTargetDependency;
			target = C87097442A371FCE00710495 /* YourManager */;
			targetProxy = C87097602A371FCF00710495 /* PBXContainerItemProxy */;
		};
/* End PBXTargetDependency section */

/* Begin XCBuildConfiguration section */
		C87097672A371FCF00710495 /* Debug */ = {
			isa = XCBuildConfiguration;
			buildSettings = {
				ALWAYS_SEARCH_USER_PATHS = NO;
				CLANG_ANALYZER_NONNULL = YES;
				CLANG_ANALYZER_NUMBER_OBJECT_CONVERSION = YES_AGGRESSIVE;
				CLANG_CXX_LANGUAGE_STANDARD = "gnu++20";
				CLANG_ENABLE_MODULES = YES;
				CLANG_ENABLE_OBJC_ARC = YES;
				CLANG_ENABLE_OBJC_WEAK = YES;
				CLANG_WARN_BLOCK_CAPTURE_AUTORELEASING = YES;
				CLANG_WARN_BOOL_CONVERSION = YES;
				CLANG_WARN_COMMA = YES;
				CLANG_WARN_CONSTANT_CONVERSION = YES;
				CLANG_WARN_DEPRECATED_OBJC_IMPLEMENTATIONS = YES;
				CLANG_WARN_DIRECT_OBJC_ISA_USAGE = YES_ERROR;
				CLANG_WARN_DOCUMENTATION_COMMENTS = YES;
				CLANG_WARN_EMPTY_BODY = YES;
				CLANG_WARN_ENUM_CONVERSION = YES;
				CLANG_WARN_INFINITE_RECURSION = YES;
				CLANG_WARN_INT_CONVERSION = YES;
				CLANG_WARN_NON_LITERAL_NULL_CONVERSION = YES;
				CLANG_WARN_OBJC_IMPLICIT_RETAIN_SELF = YES;
				CLANG_WARN_OBJC_LITERAL_CONVERSION = YES;
				CLANG_WARN_OBJC_ROOT_CLASS = YES_ERROR;
				CLANG_WARN_QUOTED_INCLUDE_IN_FRAMEWORK_HEADER = YES;
				CLANG_WARN_RANGE_LOOP_ANALYSIS = YES;
				CLANG_WARN_STRICT_PROTOTYPES = YES;
				CLANG_WARN_SUSPICIOUS_MOVE = YES;
				CLANG_WARN_UNGUARDED_AVAILABILITY = YES_AGGRESSIVE;
				CLANG_WARN_UNREACHABLE_CODE = YES;
				CLANG_WARN__DUPLICATE_METHOD_MATCH = YES;
				COPY_PHASE_STRIP = NO;
				DEBUG_INFORMATION_FORMAT = dwarf;
				ENABLE_STRICT_OBJC_MSGSEND = YES;
				ENABLE_TESTABILITY = YES;
				GCC_C_LANGUAGE_STANDARD = gnu11;
				GCC_DYNAMIC_NO_PIC = NO;
				GCC_NO_COMMON_BLOCKS = YES;
				GCC_OPTIMIZATION_LEVEL = 0;
				GCC_PREPROCESSOR_DEFINITIONS = (
					"DEBUG=1",
					"$(inherited)",
				);
				GCC_WARN_64_TO_32_BIT_CONVERSION = YES;
				GCC_WARN_ABOUT_RETURN_TYPE = YES_ERROR;
				GCC_WARN_UNDECLARED_SELECTOR = YES;
				GCC_WARN_UNINITIALIZED_AUTOS = YES_AGGRESSIVE;
				GCC_WARN_UNUSED_FUNCTION = YES;
				GCC_WARN_UNUSED_VARIABLE = YES;
				IPHONEOS_DEPLOYMENT_TARGET = 16.4;
				MTL_ENABLE_DEBUG_INFO = INCLUDE_SOURCE;
				MTL_FAST_MATH = YES;
				ONLY_ACTIVE_ARCH = YES;
				SDKROOT = iphoneos;
				SWIFT_ACTIVE_COMPILATION_CONDITIONS = DEBUG;
				SWIFT_OPTIMIZATION_LEVEL = "-Onone";
			};
			name = Debug;
		};
		C87097682A371FCF00710495 /* Release */ = {
			isa = XCBuildConfiguration;
			buildSettings = {
				ALWAYS_SEARCH_USER_PATHS = NO;
				CLANG_ANALYZER_NONNULL = YES;
				CLANG_ANALYZER_NUMBER_OBJECT_CONVERSION = YES_AGGRESSIVE;
				CLANG_CXX_LANGUAGE_STANDARD = "gnu++20";
				CLANG_ENABLE_MODULES = YES;
				CLANG_ENABLE_OBJC_ARC = YES;
				CLANG_ENABLE_OBJC_WEAK = YES;
				CLANG_WARN_BLOCK_CAPTURE_AUTORELEASING = YES;
				CLANG_WARN_BOOL_CONVERSION = YES;
				CLANG_WARN_COMMA = YES;
				CLANG_WARN_CONSTANT_CONVERSION = YES;
				CLANG_WARN_DEPRECATED_OBJC_IMPLEMENTATIONS = YES;
				CLANG_WARN_DIRECT_OBJC_ISA_USAGE = YES_ERROR;
				CLANG_WARN_DOCUMENTATION_COMMENTS = YES;
				CLANG_WARN_EMPTY_BODY = YES;
				CLANG_WARN_ENUM_CONVERSION = YES;
				CLANG_WARN_INFINITE_RECURSION = YES;
				CLANG_WARN_INT_CONVERSION = YES;
				CLANG_WARN_NON_LITERAL_NULL_CONVERSION = YES;
				CLANG_WARN_OBJC_IMPLICIT_RETAIN_SELF = YES;
				CLANG_WARN_OBJC_LITERAL_CONVERSION = YES;
				CLANG_WARN_OBJC_ROOT_CLASS = YES_ERROR;
				CLANG_WARN_QUOTED_INCLUDE_IN_FRAMEWORK_HEADER = YES;
				CLANG_WARN_RANGE_LOOP_ANALYSIS = YES;
				CLANG_WARN_STRICT_PROTOTYPES = YES;
				CLANG_WARN_SUSPICIOUS_MOVE = YES;
				CLANG_WARN_UNGUARDED_AVAILABILITY = YES_AGGRESSIVE;
				CLANG_WARN_UNREACHABLE_CODE = YES;
				CLANG_WARN__DUPLICATE_METHOD_MATCH = YES;
				COPY_PHASE_STRIP = NO;
				DEBUG_INFORMATION_FORMAT = "dwarf-with-dsym";
				ENABLE_NS_ASSERTIONS = NO;
				ENABLE_STRICT_OBJC_MSGSEND = YES;
				GCC_C_LANGUAGE_STANDARD = gnu11;
				GCC_NO_COMMON_BLOCKS = YES;
				GCC_WARN_64_TO_32_BIT_CONVERSION = YES;
				GCC_WARN_ABOUT_RETURN_TYPE = YES_ERROR;
				GCC_WARN_UNDECLARED_SELECTOR = YES;
				GCC_WARN_UNINITIALIZED_AUTOS = YES_AGGRESSIVE;
				GCC_WARN_UNUSED_FUNCTION = YES;
				GCC_WARN_UNUSED_VARIABLE = YES;
				IPHONEOS_DEPLOYMENT_TARGET = 16.4;
				MTL_ENABLE_DEBUG_INFO = NO;
				MTL_FAST_MATH = YES;
				SDKROOT = iphoneos;
				SWIFT_COMPILATION_MODE = wholemodule;
				SWIFT_OPTIMIZATION_LEVEL = "-O";
				VALIDATE_PRODUCT = YES;
			};
			name = Release;
		};
		C870976A2A371FCF00710495 /* Debug */ = {
			isa = XCBuildConfiguration;
			buildSettings = {
				ASSETCATALOG_COMPILER_APPICON_NAME = AppIcon;
				ASSETCATALOG_COMPILER_GLOBAL_ACCENT_COLOR_NAME = AccentColor;
				CODE_SIGN_STYLE = Automatic;
				CURRENT_PROJECT_VERSION = 1;
				DEVELOPMENT_ASSET_PATHS = "\"YourManager/Preview Content\"";
				DEVELOPMENT_TEAM = 3P2G45WJH3;
				ENABLE_PREVIEWS = YES;
				GENERATE_INFOPLIST_FILE = YES;
				INFOPLIST_FILE = YourManager/Info.plist;
				INFOPLIST_KEY_UIApplicationSceneManifest_Generation = YES;
				INFOPLIST_KEY_UIApplicationSupportsIndirectInputEvents = YES;
				INFOPLIST_KEY_UILaunchScreen_Generation = YES;
				INFOPLIST_KEY_UISupportedInterfaceOrientations_iPad = "UIInterfaceOrientationPortrait UIInterfaceOrientationPortraitUpsideDown UIInterfaceOrientationLandscapeLeft UIInterfaceOrientationLandscapeRight";
				INFOPLIST_KEY_UISupportedInterfaceOrientations_iPhone = "UIInterfaceOrientationPortrait UIInterfaceOrientationLandscapeLeft UIInterfaceOrientationLandscapeRight";
				LD_RUNPATH_SEARCH_PATHS = (
					"$(inherited)",
					"@executable_path/Frameworks",
				);
				MARKETING_VERSION = 1.0;
				PRODUCT_BUNDLE_IDENTIFIER = com.LucaSalmi.YourManager;
				PRODUCT_NAME = "$(TARGET_NAME)";
				SWIFT_EMIT_LOC_STRINGS = YES;
				SWIFT_VERSION = 5.0;
				TARGETED_DEVICE_FAMILY = "1,2";
			};
			name = Debug;
		};
		C870976B2A371FCF00710495 /* Release */ = {
			isa = XCBuildConfiguration;
			buildSettings = {
				ASSETCATALOG_COMPILER_APPICON_NAME = AppIcon;
				ASSETCATALOG_COMPILER_GLOBAL_ACCENT_COLOR_NAME = AccentColor;
				CODE_SIGN_STYLE = Automatic;
				CURRENT_PROJECT_VERSION = 1;
				DEVELOPMENT_ASSET_PATHS = "\"YourManager/Preview Content\"";
				DEVELOPMENT_TEAM = 3P2G45WJH3;
				ENABLE_PREVIEWS = YES;
				GENERATE_INFOPLIST_FILE = YES;
				INFOPLIST_FILE = YourManager/Info.plist;
				INFOPLIST_KEY_UIApplicationSceneManifest_Generation = YES;
				INFOPLIST_KEY_UIApplicationSupportsIndirectInputEvents = YES;
				INFOPLIST_KEY_UILaunchScreen_Generation = YES;
				INFOPLIST_KEY_UISupportedInterfaceOrientations_iPad = "UIInterfaceOrientationPortrait UIInterfaceOrientationPortraitUpsideDown UIInterfaceOrientationLandscapeLeft UIInterfaceOrientationLandscapeRight";
				INFOPLIST_KEY_UISupportedInterfaceOrientations_iPhone = "UIInterfaceOrientationPortrait UIInterfaceOrientationLandscapeLeft UIInterfaceOrientationLandscapeRight";
				LD_RUNPATH_SEARCH_PATHS = (
					"$(inherited)",
					"@executable_path/Frameworks",
				);
				MARKETING_VERSION = 1.0;
				PRODUCT_BUNDLE_IDENTIFIER = com.LucaSalmi.YourManager;
				PRODUCT_NAME = "$(TARGET_NAME)";
				SWIFT_EMIT_LOC_STRINGS = YES;
				SWIFT_VERSION = 5.0;
				TARGETED_DEVICE_FAMILY = "1,2";
			};
			name = Release;
		};
		C870976D2A371FCF00710495 /* Debug */ = {
			isa = XCBuildConfiguration;
			buildSettings = {
				ALWAYS_EMBED_SWIFT_STANDARD_LIBRARIES = YES;
				BUNDLE_LOADER = "$(TEST_HOST)";
				CODE_SIGN_STYLE = Automatic;
				CURRENT_PROJECT_VERSION = 1;
				DEVELOPMENT_TEAM = 3P2G45WJH3;
				GENERATE_INFOPLIST_FILE = YES;
				IPHONEOS_DEPLOYMENT_TARGET = 16.4;
				MARKETING_VERSION = 1.0;
				PRODUCT_BUNDLE_IDENTIFIER = com.LucaSalmi.YourManagerTests;
				PRODUCT_NAME = "$(TARGET_NAME)";
				SWIFT_EMIT_LOC_STRINGS = NO;
				SWIFT_VERSION = 5.0;
				TARGETED_DEVICE_FAMILY = "1,2";
				TEST_HOST = "$(BUILT_PRODUCTS_DIR)/YourManager.app/$(BUNDLE_EXECUTABLE_FOLDER_PATH)/YourManager";
			};
			name = Debug;
		};
		C870976E2A371FCF00710495 /* Release */ = {
			isa = XCBuildConfiguration;
			buildSettings = {
				ALWAYS_EMBED_SWIFT_STANDARD_LIBRARIES = YES;
				BUNDLE_LOADER = "$(TEST_HOST)";
				CODE_SIGN_STYLE = Automatic;
				CURRENT_PROJECT_VERSION = 1;
				DEVELOPMENT_TEAM = 3P2G45WJH3;
				GENERATE_INFOPLIST_FILE = YES;
				IPHONEOS_DEPLOYMENT_TARGET = 16.4;
				MARKETING_VERSION = 1.0;
				PRODUCT_BUNDLE_IDENTIFIER = com.LucaSalmi.YourManagerTests;
				PRODUCT_NAME = "$(TARGET_NAME)";
				SWIFT_EMIT_LOC_STRINGS = NO;
				SWIFT_VERSION = 5.0;
				TARGETED_DEVICE_FAMILY = "1,2";
				TEST_HOST = "$(BUILT_PRODUCTS_DIR)/YourManager.app/$(BUNDLE_EXECUTABLE_FOLDER_PATH)/YourManager";
			};
			name = Release;
		};
		C87097702A371FCF00710495 /* Debug */ = {
			isa = XCBuildConfiguration;
			buildSettings = {
				ALWAYS_EMBED_SWIFT_STANDARD_LIBRARIES = YES;
				CODE_SIGN_STYLE = Automatic;
				CURRENT_PROJECT_VERSION = 1;
				DEVELOPMENT_TEAM = 3P2G45WJH3;
				GENERATE_INFOPLIST_FILE = YES;
				MARKETING_VERSION = 1.0;
				PRODUCT_BUNDLE_IDENTIFIER = com.LucaSalmi.YourManagerUITests;
				PRODUCT_NAME = "$(TARGET_NAME)";
				SWIFT_EMIT_LOC_STRINGS = NO;
				SWIFT_VERSION = 5.0;
				TARGETED_DEVICE_FAMILY = "1,2";
				TEST_TARGET_NAME = YourManager;
			};
			name = Debug;
		};
		C87097712A371FCF00710495 /* Release */ = {
			isa = XCBuildConfiguration;
			buildSettings = {
				ALWAYS_EMBED_SWIFT_STANDARD_LIBRARIES = YES;
				CODE_SIGN_STYLE = Automatic;
				CURRENT_PROJECT_VERSION = 1;
				DEVELOPMENT_TEAM = 3P2G45WJH3;
				GENERATE_INFOPLIST_FILE = YES;
				MARKETING_VERSION = 1.0;
				PRODUCT_BUNDLE_IDENTIFIER = com.LucaSalmi.YourManagerUITests;
				PRODUCT_NAME = "$(TARGET_NAME)";
				SWIFT_EMIT_LOC_STRINGS = NO;
				SWIFT_VERSION = 5.0;
				TARGETED_DEVICE_FAMILY = "1,2";
				TEST_TARGET_NAME = YourManager;
			};
			name = Release;
		};
/* End XCBuildConfiguration section */

/* Begin XCConfigurationList section */
		C87097402A371FCE00710495 /* Build configuration list for PBXProject "YourManager" */ = {
			isa = XCConfigurationList;
			buildConfigurations = (
				C87097672A371FCF00710495 /* Debug */,
				C87097682A371FCF00710495 /* Release */,
			);
			defaultConfigurationIsVisible = 0;
			defaultConfigurationName = Release;
		};
		C87097692A371FCF00710495 /* Build configuration list for PBXNativeTarget "YourManager" */ = {
			isa = XCConfigurationList;
			buildConfigurations = (
				C870976A2A371FCF00710495 /* Debug */,
				C870976B2A371FCF00710495 /* Release */,
			);
			defaultConfigurationIsVisible = 0;
			defaultConfigurationName = Release;
		};
		C870976C2A371FCF00710495 /* Build configuration list for PBXNativeTarget "YourManagerTests" */ = {
			isa = XCConfigurationList;
			buildConfigurations = (
				C870976D2A371FCF00710495 /* Debug */,
				C870976E2A371FCF00710495 /* Release */,
			);
			defaultConfigurationIsVisible = 0;
			defaultConfigurationName = Release;
		};
		C870976F2A371FCF00710495 /* Build configuration list for PBXNativeTarget "YourManagerUITests" */ = {
			isa = XCConfigurationList;
			buildConfigurations = (
				C87097702A371FCF00710495 /* Debug */,
				C87097712A371FCF00710495 /* Release */,
			);
			defaultConfigurationIsVisible = 0;
			defaultConfigurationName = Release;
		};
/* End XCConfigurationList section */

/* Begin XCRemoteSwiftPackageReference section */
		C847B4FA2A39B96900460996 /* XCRemoteSwiftPackageReference "GoogleSignIn-iOS" */ = {
			isa = XCRemoteSwiftPackageReference;
			repositoryURL = "https://github.com/google/GoogleSignIn-iOS";
			requirement = {
				kind = upToNextMajorVersion;
				minimumVersion = 7.0.0;
			};
		};
		C87097742A37214600710495 /* XCRemoteSwiftPackageReference "firebase-ios-sdk" */ = {
			isa = XCRemoteSwiftPackageReference;
			repositoryURL = "https://github.com/firebase/firebase-ios-sdk";
			requirement = {
				kind = upToNextMajorVersion;
				minimumVersion = 10.0.0;
			};
		};
		C87B29552A4B21960099C5BE /* XCRemoteSwiftPackageReference "FloatingLabelTextFieldSwiftUI" */ = {
			isa = XCRemoteSwiftPackageReference;
			repositoryURL = "https://github.com/kishanraja/FloatingLabelTextFieldSwiftUI";
			requirement = {
				kind = upToNextMajorVersion;
				minimumVersion = 5.0.0;
			};
		};
/* End XCRemoteSwiftPackageReference section */

/* Begin XCSwiftPackageProductDependency section */
		C847B4FB2A39B96900460996 /* GoogleSignIn */ = {
			isa = XCSwiftPackageProductDependency;
			package = C847B4FA2A39B96900460996 /* XCRemoteSwiftPackageReference "GoogleSignIn-iOS" */;
			productName = GoogleSignIn;
		};
		C847B4FD2A39B96900460996 /* GoogleSignInSwift */ = {
			isa = XCSwiftPackageProductDependency;
			package = C847B4FA2A39B96900460996 /* XCRemoteSwiftPackageReference "GoogleSignIn-iOS" */;
			productName = GoogleSignInSwift;
		};
		C87097752A37214600710495 /* FirebaseAnalytics */ = {
			isa = XCSwiftPackageProductDependency;
			package = C87097742A37214600710495 /* XCRemoteSwiftPackageReference "firebase-ios-sdk" */;
			productName = FirebaseAnalytics;
		};
		C87097772A37214600710495 /* FirebaseAuth */ = {
			isa = XCSwiftPackageProductDependency;
			package = C87097742A37214600710495 /* XCRemoteSwiftPackageReference "firebase-ios-sdk" */;
			productName = FirebaseAuth;
		};
		C87097792A37214600710495 /* FirebaseFirestore */ = {
			isa = XCSwiftPackageProductDependency;
			package = C87097742A37214600710495 /* XCRemoteSwiftPackageReference "firebase-ios-sdk" */;
			productName = FirebaseFirestore;
		};
		C87B29562A4B21960099C5BE /* FloatingLabelTextFieldSwiftUI */ = {
			isa = XCSwiftPackageProductDependency;
			package = C87B29552A4B21960099C5BE /* XCRemoteSwiftPackageReference "FloatingLabelTextFieldSwiftUI" */;
			productName = FloatingLabelTextFieldSwiftUI;
		};
/* End XCSwiftPackageProductDependency section */
	};
	rootObject = C870973D2A371FCE00710495 /* Project object */;
}
